
Microsoft Visual Studio Solution File, Format Version 12.00
# Visual Studio Version 17
VisualStudioVersion = 17.4.33122.133
MinimumVisualStudioVersion = 10.0.40219.1
Project("{9A19103F-16F7-4668-BE54-9A1E7A4F7556}") = "Entities", "Entities\Entities.csproj", "{EFF615BC-F2C0-4C86-979D-F9E26088E9A5}"
EndProject
Project("{9A19103F-16F7-4668-BE54-9A1E7A4F7556}") = "DataAccess", "DataAccess\DataAccess.csproj", "{8AF60C09-0CB4-440C-BC0C-1A1F775393E8}"
EndProject
Project("{9A19103F-16F7-4668-BE54-9A1E7A4F7556}") = "Business", "Business\Business.csproj", "{74C99ACD-12E3-42D8-828F-ABF84C17909C}"
EndProject
Project("{9A19103F-16F7-4668-BE54-9A1E7A4F7556}") = "ConsoleUI", "ConsoleUI\ConsoleUI.csproj", "{4728DA83-3A6A-4451-A6F7-B0250E94DF94}"
EndProject
Project("{9A19103F-16F7-4668-BE54-9A1E7A4F7556}") = "Core", "Core\Core.csproj", "{56E08E6D-C838-4FDA-8D05-559F08746180}"
EndProject
Project("{FAE04EC0-301F-11D3-BF4B-00C04F79EFBC}") = "WebAPI", "WebAPI\WebAPI.csproj", "{453E5A02-A3EC-4F14-BA2F-AF892C10EAF0}"
EndProject
Global
	GlobalSection(SolutionConfigurationPlatforms) = preSolution
		Debug|Any CPU = Debug|Any CPU
		Release|Any CPU = Release|Any CPU
	EndGlobalSection
	GlobalSection(ProjectConfigurationPlatforms) = postSolution
		{EFF615BC-F2C0-4C86-979D-F9E26088E9A5}.Debug|Any CPU.ActiveCfg = Debug|Any CPU
		{EFF615BC-F2C0-4C86-979D-F9E26088E9A5}.Debug|Any CPU.Build.0 = Debug|Any CPU
		{EFF615BC-F2C0-4C86-979D-F9E26088E9A5}.Release|Any CPU.ActiveCfg = Release|Any CPU
		{EFF615BC-F2C0-4C86-979D-F9E26088E9A5}.Release|Any CPU.Build.0 = Release|Any CPU
		{8AF60C09-0CB4-440C-BC0C-1A1F775393E8}.Debug|Any CPU.ActiveCfg = Debug|Any CPU
		{8AF60C09-0CB4-440C-BC0C-1A1F775393E8}.Debug|Any CPU.Build.0 = Debug|Any CPU
		{8AF60C09-0CB4-440C-BC0C-1A1F775393E8}.Release|Any CPU.ActiveCfg = Release|Any CPU
		{8AF60C09-0CB4-440C-BC0C-1A1F775393E8}.Release|Any CPU.Build.0 = Release|Any CPU
		{74C99ACD-12E3-42D8-828F-ABF84C17909C}.Debug|Any CPU.ActiveCfg = Debug|Any CPU
		{74C99ACD-12E3-42D8-828F-ABF84C17909C}.Debug|Any CPU.Build.0 = Debug|Any CPU
		{74C99ACD-12E3-42D8-828F-ABF84C17909C}.Release|Any CPU.ActiveCfg = Release|Any CPU
		{74C99ACD-12E3-42D8-828F-ABF84C17909C}.Release|Any CPU.Build.0 = Release|Any CPU
		{4728DA83-3A6A-4451-A6F7-B0250E94DF94}.Debug|Any CPU.ActiveCfg = Debug|Any CPU
		{4728DA83-3A6A-4451-A6F7-B0250E94DF94}.Debug|Any CPU.Build.0 = Debug|Any CPU
		{4728DA83-3A6A-4451-A6F7-B0250E94DF94}.Release|Any CPU.ActiveCfg = Release|Any CPU
		{4728DA83-3A6A-4451-A6F7-B0250E94DF94}.Release|Any CPU.Build.0 = Release|Any CPU
		{56E08E6D-C838-4FDA-8D05-559F08746180}.Debug|Any CPU.ActiveCfg = Debug|Any CPU
		{56E08E6D-C838-4FDA-8D05-559F08746180}.Debug|Any CPU.Build.0 = Debug|Any CPU
		{56E08E6D-C838-4FDA-8D05-559F08746180}.Release|Any CPU.ActiveCfg = Release|Any CPU
		{56E08E6D-C838-4FDA-8D05-559F08746180}.Release|Any CPU.Build.0 = Release|Any CPU
		{453E5A02-A3EC-4F14-BA2F-AF892C10EAF0}.Debug|Any CPU.ActiveCfg = Debug|Any CPU
		{453E5A02-A3EC-4F14-BA2F-AF892C10EAF0}.Debug|Any CPU.Build.0 = Debug|Any CPU
		{453E5A02-A3EC-4F14-BA2F-AF892C10EAF0}.Release|Any CPU.ActiveCfg = Release|Any CPU
		{453E5A02-A3EC-4F14-BA2F-AF892C10EAF0}.Release|Any CPU.Build.0 = Release|Any CPU
	EndGlobalSection
	GlobalSection(SolutionProperties) = preSolution
		HideSolutionNode = FALSE
	EndGlobalSection
	GlobalSection(ExtensibilityGlobals) = postSolution
		SolutionGuid = {E52F0DD6-46C2-4FF6-BA63-C029DEFF0958}
	EndGlobalSection
EndGlobal
